
Microsoft Visual Studio Solution File, Format Version 12.00
# Visual Studio Version 16
VisualStudioVersion = 16.0.31321.278
MinimumVisualStudioVersion = 10.0.40219.1
Project("{8BC9CEB8-8B4A-11D0-8D11-00A0C91BC942}") = "HelloWorld", "HelloWorld\HelloWorld.vcxproj", "{CBFAC22D-244B-4BCF-AB28-0767F25E2663}"
EndProject
Project("{8BC9CEB8-8B4A-11D0-8D11-00A0C91BC942}") = "SimpleAdder", "SimpleAdder\SimpleAdder.vcxproj", "{83828AF2-A9ED-45C1-91A8-929179F85DB9}"
EndProject
Project("{8BC9CEB8-8B4A-11D0-8D11-00A0C91BC942}") = "BetweenAdder", "BetweenAdder\BetweenAdder.vcxproj", "{E2321909-35C0-432B-9E7C-D0FEFBDB4335}"
EndProject
Global
	GlobalSection(SolutionConfigurationPlatforms) = preSolution
		Debug|x64 = Debug|x64
		Debug|x86 = Debug|x86
		Release|x64 = Release|x64
		Release|x86 = Release|x86
	EndGlobalSection
	GlobalSection(ProjectConfigurationPlatforms) = postSolution
		{CBFAC22D-244B-4BCF-AB28-0767F25E2663}.Debug|x64.ActiveCfg = Debug|x64
		{CBFAC22D-244B-4BCF-AB28-0767F25E2663}.Debug|x64.Build.0 = Debug|x64
		{CBFAC22D-244B-4BCF-AB28-0767F25E2663}.Debug|x86.ActiveCfg = Debug|Win32
		{CBFAC22D-244B-4BCF-AB28-0767F25E2663}.Debug|x86.Build.0 = Debug|Win32
		{CBFAC22D-244B-4BCF-AB28-0767F25E2663}.Release|x64.ActiveCfg = Release|x64
		{CBFAC22D-244B-4BCF-AB28-0767F25E2663}.Release|x64.Build.0 = Release|x64
		{CBFAC22D-244B-4BCF-AB28-0767F25E2663}.Release|x86.ActiveCfg = Release|Win32
		{CBFAC22D-244B-4BCF-AB28-0767F25E2663}.Release|x86.Build.0 = Release|Win32
		{83828AF2-A9ED-45C1-91A8-929179F85DB9}.Debug|x64.ActiveCfg = Debug|x64
		{83828AF2-A9ED-45C1-91A8-929179F85DB9}.Debug|x64.Build.0 = Debug|x64
		{83828AF2-A9ED-45C1-91A8-929179F85DB9}.Debug|x86.ActiveCfg = Debug|Win32
		{83828AF2-A9ED-45C1-91A8-929179F85DB9}.Debug|x86.Build.0 = Debug|Win32
		{83828AF2-A9ED-45C1-91A8-929179F85DB9}.Release|x64.ActiveCfg = Release|x64
		{83828AF2-A9ED-45C1-91A8-929179F85DB9}.Release|x64.Build.0 = Release|x64
		{83828AF2-A9ED-45C1-91A8-929179F85DB9}.Release|x86.ActiveCfg = Release|Win32
		{83828AF2-A9ED-45C1-91A8-929179F85DB9}.Release|x86.Build.0 = Release|Win32
		{E2321909-35C0-432B-9E7C-D0FEFBDB4335}.Debug|x64.ActiveCfg = Debug|x64
		{E2321909-35C0-432B-9E7C-D0FEFBDB4335}.Debug|x64.Build.0 = Debug|x64
		{E2321909-35C0-432B-9E7C-D0FEFBDB4335}.Debug|x86.ActiveCfg = Debug|Win32
		{E2321909-35C0-432B-9E7C-D0FEFBDB4335}.Debug|x86.Build.0 = Debug|Win32
		{E2321909-35C0-432B-9E7C-D0FEFBDB4335}.Release|x64.ActiveCfg = Release|x64
		{E2321909-35C0-432B-9E7C-D0FEFBDB4335}.Release|x64.Build.0 = Release|x64
		{E2321909-35C0-432B-9E7C-D0FEFBDB4335}.Release|x86.ActiveCfg = Release|Win32
		{E2321909-35C0-432B-9E7C-D0FEFBDB4335}.Release|x86.Build.0 = Release|Win32
	EndGlobalSection
	GlobalSection(SolutionProperties) = preSolution
		HideSolutionNode = FALSE
	EndGlobalSection
	GlobalSection(ExtensibilityGlobals) = postSolution
		SolutionGuid = {A92CEABD-EB0F-43F9-8591-16233F6E81FD}
	EndGlobalSection
EndGlobal
