
Microsoft Visual Studio Solution File, Format Version 12.00
# Visual Studio Version 17
VisualStudioVersion = 17.10.35013.160
MinimumVisualStudioVersion = 10.0.40219.1
Project("{8BC9CEB8-8B4A-11D0-8D11-00A0C91BC942}") = "Chapter1_1", "Chapter1_1\Chapter1_1.vcxproj", "{E368EB25-A0A7-4EF7-A0A6-6DB642C0860D}"
EndProject
Project("{8BC9CEB8-8B4A-11D0-8D11-00A0C91BC942}") = "Chapter1_3", "Chapter1_3\Chapter1_3.vcxproj", "{D8CBB65A-2B0B-42E3-96BA-DE4E865B14E9}"
EndProject
Project("{8BC9CEB8-8B4A-11D0-8D11-00A0C91BC942}") = "Chapter1_4", "Chapter1_4\Chapter1_4.vcxproj", "{D429E3F3-7016-49F5-8695-2B4FCC479F57}"
EndProject
Project("{8BC9CEB8-8B4A-11D0-8D11-00A0C91BC942}") = "Chapter1_5", "Chapter1_5\Chapter1_5.vcxproj", "{03887FBE-5C6C-48D1-84B9-C42074A0C9B7}"
EndProject
Project("{8BC9CEB8-8B4A-11D0-8D11-00A0C91BC942}") = "Chapter1_7", "Chapter1_7\Chapter1_7.vcxproj", "{BB86D38D-EEF7-40B1-BA15-0E5C0BC8C116}"
EndProject
Project("{8BC9CEB8-8B4A-11D0-8D11-00A0C91BC942}") = "Chapter1_8", "Chapter1_8\Chapter1_8.vcxproj", "{FC16BF91-FC2A-4459-A382-36844DBD423F}"
EndProject
Project("{8BC9CEB8-8B4A-11D0-8D11-00A0C91BC942}") = "Chapter1_9", "Chapter1_9\Chapter1_9.vcxproj", "{DB96CFC0-1025-4B2C-BF34-6568880FB715}"
EndProject
Project("{8BC9CEB8-8B4A-11D0-8D11-00A0C91BC942}") = "Chapter1_10", "Chapter1_10\Chapter1_10.vcxproj", "{1E26C5F5-F364-4F9E-A661-13D28FD0766E}"
EndProject
Project("{8BC9CEB8-8B4A-11D0-8D11-00A0C91BC942}") = "Chapter1_11", "Chapter1_11\Chapter1_11.vcxproj", "{04AF9B22-7FDC-4B9D-82EA-1A4D183A56A0}"
EndProject
Project("{8BC9CEB8-8B4A-11D0-8D11-00A0C91BC942}") = "Chapter1_12", "Chapter1_12\Chapter1_12.vcxproj", "{DF5A4F1A-2EEE-4C6D-88F0-8B8E58DFF16C}"
EndProject
Project("{8BC9CEB8-8B4A-11D0-8D11-00A0C91BC942}") = "Chapter1_13", "Chapter1_13\Chapter1_13.vcxproj", "{56981C04-1B59-4AA5-8C4F-F38954D98BEA}"
EndProject
Project("{8BC9CEB8-8B4A-11D0-8D11-00A0C91BC942}") = "Chapter1_14", "Chapter1_14\Chapter1_14.vcxproj", "{D342ABF2-AC5F-4804-8844-D2402746BF7B}"
EndProject
Project("{8BC9CEB8-8B4A-11D0-8D11-00A0C91BC942}") = "Chapter2_1", "Chapter2_1\Chapter2_1.vcxproj", "{8D89C463-FC71-4BD5-9FE9-945C51C0D3E3}"
EndProject
Project("{8BC9CEB8-8B4A-11D0-8D11-00A0C91BC942}") = "Chapter2_2", "Chapter2_2\Chapter2_2.vcxproj", "{3F68A41F-BDEE-4BB5-A658-666D55BE068A}"
EndProject
Project("{8BC9CEB8-8B4A-11D0-8D11-00A0C91BC942}") = "Chapter2_3", "Chapter2_3\Chapter2_3.vcxproj", "{5F2A0797-A750-401D-9C41-43113D6D03F3}"
EndProject
Project("{8BC9CEB8-8B4A-11D0-8D11-00A0C91BC942}") = "Chapter2_4", "Chapter2_4\Chapter2_4.vcxproj", "{239D401A-7FB3-4D50-B8D3-8777EB8E52BB}"
EndProject
Project("{8BC9CEB8-8B4A-11D0-8D11-00A0C91BC942}") = "Chapter2_5", "Chapter2_5\Chapter2_5.vcxproj", "{631DD799-B3DF-4290-8338-766838FA0EED}"
EndProject
Project("{8BC9CEB8-8B4A-11D0-8D11-00A0C91BC942}") = "Chapter2_6", "Chapter2_6\Chapter2_6.vcxproj", "{BD559C95-4F5D-4434-B852-3BAA64FAFA1A}"
EndProject
Project("{8BC9CEB8-8B4A-11D0-8D11-00A0C91BC942}") = "Chapter2_7", "Chapter2_7\Chapter2_7.vcxproj", "{DC5B7118-0841-4D56-BDA2-85EF9D2981AD}"
EndProject
Global
	GlobalSection(SolutionConfigurationPlatforms) = preSolution
		Debug|x64 = Debug|x64
		Debug|x86 = Debug|x86
		Release|x64 = Release|x64
		Release|x86 = Release|x86
	EndGlobalSection
	GlobalSection(ProjectConfigurationPlatforms) = postSolution
		{E368EB25-A0A7-4EF7-A0A6-6DB642C0860D}.Debug|x64.ActiveCfg = Debug|x64
		{E368EB25-A0A7-4EF7-A0A6-6DB642C0860D}.Debug|x64.Build.0 = Debug|x64
		{E368EB25-A0A7-4EF7-A0A6-6DB642C0860D}.Debug|x86.ActiveCfg = Debug|Win32
		{E368EB25-A0A7-4EF7-A0A6-6DB642C0860D}.Debug|x86.Build.0 = Debug|Win32
		{E368EB25-A0A7-4EF7-A0A6-6DB642C0860D}.Release|x64.ActiveCfg = Release|x64
		{E368EB25-A0A7-4EF7-A0A6-6DB642C0860D}.Release|x64.Build.0 = Release|x64
		{E368EB25-A0A7-4EF7-A0A6-6DB642C0860D}.Release|x86.ActiveCfg = Release|Win32
		{E368EB25-A0A7-4EF7-A0A6-6DB642C0860D}.Release|x86.Build.0 = Release|Win32
		{D8CBB65A-2B0B-42E3-96BA-DE4E865B14E9}.Debug|x64.ActiveCfg = Debug|x64
		{D8CBB65A-2B0B-42E3-96BA-DE4E865B14E9}.Debug|x64.Build.0 = Debug|x64
		{D8CBB65A-2B0B-42E3-96BA-DE4E865B14E9}.Debug|x86.ActiveCfg = Debug|Win32
		{D8CBB65A-2B0B-42E3-96BA-DE4E865B14E9}.Debug|x86.Build.0 = Debug|Win32
		{D8CBB65A-2B0B-42E3-96BA-DE4E865B14E9}.Release|x64.ActiveCfg = Release|x64
		{D8CBB65A-2B0B-42E3-96BA-DE4E865B14E9}.Release|x64.Build.0 = Release|x64
		{D8CBB65A-2B0B-42E3-96BA-DE4E865B14E9}.Release|x86.ActiveCfg = Release|Win32
		{D8CBB65A-2B0B-42E3-96BA-DE4E865B14E9}.Release|x86.Build.0 = Release|Win32
		{D429E3F3-7016-49F5-8695-2B4FCC479F57}.Debug|x64.ActiveCfg = Debug|x64
		{D429E3F3-7016-49F5-8695-2B4FCC479F57}.Debug|x64.Build.0 = Debug|x64
		{D429E3F3-7016-49F5-8695-2B4FCC479F57}.Debug|x86.ActiveCfg = Debug|Win32
		{D429E3F3-7016-49F5-8695-2B4FCC479F57}.Debug|x86.Build.0 = Debug|Win32
		{D429E3F3-7016-49F5-8695-2B4FCC479F57}.Release|x64.ActiveCfg = Release|x64
		{D429E3F3-7016-49F5-8695-2B4FCC479F57}.Release|x64.Build.0 = Release|x64
		{D429E3F3-7016-49F5-8695-2B4FCC479F57}.Release|x86.ActiveCfg = Release|Win32
		{D429E3F3-7016-49F5-8695-2B4FCC479F57}.Release|x86.Build.0 = Release|Win32
		{03887FBE-5C6C-48D1-84B9-C42074A0C9B7}.Debug|x64.ActiveCfg = Debug|x64
		{03887FBE-5C6C-48D1-84B9-C42074A0C9B7}.Debug|x64.Build.0 = Debug|x64
		{03887FBE-5C6C-48D1-84B9-C42074A0C9B7}.Debug|x86.ActiveCfg = Debug|Win32
		{03887FBE-5C6C-48D1-84B9-C42074A0C9B7}.Debug|x86.Build.0 = Debug|Win32
		{03887FBE-5C6C-48D1-84B9-C42074A0C9B7}.Release|x64.ActiveCfg = Release|x64
		{03887FBE-5C6C-48D1-84B9-C42074A0C9B7}.Release|x64.Build.0 = Release|x64
		{03887FBE-5C6C-48D1-84B9-C42074A0C9B7}.Release|x86.ActiveCfg = Release|Win32
		{03887FBE-5C6C-48D1-84B9-C42074A0C9B7}.Release|x86.Build.0 = Release|Win32
		{BB86D38D-EEF7-40B1-BA15-0E5C0BC8C116}.Debug|x64.ActiveCfg = Debug|x64
		{BB86D38D-EEF7-40B1-BA15-0E5C0BC8C116}.Debug|x64.Build.0 = Debug|x64
		{BB86D38D-EEF7-40B1-BA15-0E5C0BC8C116}.Debug|x86.ActiveCfg = Debug|Win32
		{BB86D38D-EEF7-40B1-BA15-0E5C0BC8C116}.Debug|x86.Build.0 = Debug|Win32
		{BB86D38D-EEF7-40B1-BA15-0E5C0BC8C116}.Release|x64.ActiveCfg = Release|x64
		{BB86D38D-EEF7-40B1-BA15-0E5C0BC8C116}.Release|x64.Build.0 = Release|x64
		{BB86D38D-EEF7-40B1-BA15-0E5C0BC8C116}.Release|x86.ActiveCfg = Release|Win32
		{BB86D38D-EEF7-40B1-BA15-0E5C0BC8C116}.Release|x86.Build.0 = Release|Win32
		{FC16BF91-FC2A-4459-A382-36844DBD423F}.Debug|x64.ActiveCfg = Debug|x64
		{FC16BF91-FC2A-4459-A382-36844DBD423F}.Debug|x64.Build.0 = Debug|x64
		{FC16BF91-FC2A-4459-A382-36844DBD423F}.Debug|x86.ActiveCfg = Debug|Win32
		{FC16BF91-FC2A-4459-A382-36844DBD423F}.Debug|x86.Build.0 = Debug|Win32
		{FC16BF91-FC2A-4459-A382-36844DBD423F}.Release|x64.ActiveCfg = Release|x64
		{FC16BF91-FC2A-4459-A382-36844DBD423F}.Release|x64.Build.0 = Release|x64
		{FC16BF91-FC2A-4459-A382-36844DBD423F}.Release|x86.ActiveCfg = Release|Win32
		{FC16BF91-FC2A-4459-A382-36844DBD423F}.Release|x86.Build.0 = Release|Win32
		{DB96CFC0-1025-4B2C-BF34-6568880FB715}.Debug|x64.ActiveCfg = Debug|x64
		{DB96CFC0-1025-4B2C-BF34-6568880FB715}.Debug|x64.Build.0 = Debug|x64
		{DB96CFC0-1025-4B2C-BF34-6568880FB715}.Debug|x86.ActiveCfg = Debug|Win32
		{DB96CFC0-1025-4B2C-BF34-6568880FB715}.Debug|x86.Build.0 = Debug|Win32
		{DB96CFC0-1025-4B2C-BF34-6568880FB715}.Release|x64.ActiveCfg = Release|x64
		{DB96CFC0-1025-4B2C-BF34-6568880FB715}.Release|x64.Build.0 = Release|x64
		{DB96CFC0-1025-4B2C-BF34-6568880FB715}.Release|x86.ActiveCfg = Release|Win32
		{DB96CFC0-1025-4B2C-BF34-6568880FB715}.Release|x86.Build.0 = Release|Win32
		{1E26C5F5-F364-4F9E-A661-13D28FD0766E}.Debug|x64.ActiveCfg = Debug|x64
		{1E26C5F5-F364-4F9E-A661-13D28FD0766E}.Debug|x64.Build.0 = Debug|x64
		{1E26C5F5-F364-4F9E-A661-13D28FD0766E}.Debug|x86.ActiveCfg = Debug|Win32
		{1E26C5F5-F364-4F9E-A661-13D28FD0766E}.Debug|x86.Build.0 = Debug|Win32
		{1E26C5F5-F364-4F9E-A661-13D28FD0766E}.Release|x64.ActiveCfg = Release|x64
		{1E26C5F5-F364-4F9E-A661-13D28FD0766E}.Release|x64.Build.0 = Release|x64
		{1E26C5F5-F364-4F9E-A661-13D28FD0766E}.Release|x86.ActiveCfg = Release|Win32
		{1E26C5F5-F364-4F9E-A661-13D28FD0766E}.Release|x86.Build.0 = Release|Win32
		{04AF9B22-7FDC-4B9D-82EA-1A4D183A56A0}.Debug|x64.ActiveCfg = Debug|x64
		{04AF9B22-7FDC-4B9D-82EA-1A4D183A56A0}.Debug|x64.Build.0 = Debug|x64
		{04AF9B22-7FDC-4B9D-82EA-1A4D183A56A0}.Debug|x86.ActiveCfg = Debug|Win32
		{04AF9B22-7FDC-4B9D-82EA-1A4D183A56A0}.Debug|x86.Build.0 = Debug|Win32
		{04AF9B22-7FDC-4B9D-82EA-1A4D183A56A0}.Release|x64.ActiveCfg = Release|x64
		{04AF9B22-7FDC-4B9D-82EA-1A4D183A56A0}.Release|x64.Build.0 = Release|x64
		{04AF9B22-7FDC-4B9D-82EA-1A4D183A56A0}.Release|x86.ActiveCfg = Release|Win32
		{04AF9B22-7FDC-4B9D-82EA-1A4D183A56A0}.Release|x86.Build.0 = Release|Win32
		{DF5A4F1A-2EEE-4C6D-88F0-8B8E58DFF16C}.Debug|x64.ActiveCfg = Debug|x64
		{DF5A4F1A-2EEE-4C6D-88F0-8B8E58DFF16C}.Debug|x64.Build.0 = Debug|x64
		{DF5A4F1A-2EEE-4C6D-88F0-8B8E58DFF16C}.Debug|x86.ActiveCfg = Debug|Win32
		{DF5A4F1A-2EEE-4C6D-88F0-8B8E58DFF16C}.Debug|x86.Build.0 = Debug|Win32
		{DF5A4F1A-2EEE-4C6D-88F0-8B8E58DFF16C}.Release|x64.ActiveCfg = Release|x64
		{DF5A4F1A-2EEE-4C6D-88F0-8B8E58DFF16C}.Release|x64.Build.0 = Release|x64
		{DF5A4F1A-2EEE-4C6D-88F0-8B8E58DFF16C}.Release|x86.ActiveCfg = Release|Win32
		{DF5A4F1A-2EEE-4C6D-88F0-8B8E58DFF16C}.Release|x86.Build.0 = Release|Win32
		{56981C04-1B59-4AA5-8C4F-F38954D98BEA}.Debug|x64.ActiveCfg = Debug|x64
		{56981C04-1B59-4AA5-8C4F-F38954D98BEA}.Debug|x64.Build.0 = Debug|x64
		{56981C04-1B59-4AA5-8C4F-F38954D98BEA}.Debug|x86.ActiveCfg = Debug|Win32
		{56981C04-1B59-4AA5-8C4F-F38954D98BEA}.Debug|x86.Build.0 = Debug|Win32
		{56981C04-1B59-4AA5-8C4F-F38954D98BEA}.Release|x64.ActiveCfg = Release|x64
		{56981C04-1B59-4AA5-8C4F-F38954D98BEA}.Release|x64.Build.0 = Release|x64
		{56981C04-1B59-4AA5-8C4F-F38954D98BEA}.Release|x86.ActiveCfg = Release|Win32
		{56981C04-1B59-4AA5-8C4F-F38954D98BEA}.Release|x86.Build.0 = Release|Win32
		{D342ABF2-AC5F-4804-8844-D2402746BF7B}.Debug|x64.ActiveCfg = Debug|x64
		{D342ABF2-AC5F-4804-8844-D2402746BF7B}.Debug|x64.Build.0 = Debug|x64
		{D342ABF2-AC5F-4804-8844-D2402746BF7B}.Debug|x86.ActiveCfg = Debug|Win32
		{D342ABF2-AC5F-4804-8844-D2402746BF7B}.Debug|x86.Build.0 = Debug|Win32
		{D342ABF2-AC5F-4804-8844-D2402746BF7B}.Release|x64.ActiveCfg = Release|x64
		{D342ABF2-AC5F-4804-8844-D2402746BF7B}.Release|x64.Build.0 = Release|x64
		{D342ABF2-AC5F-4804-8844-D2402746BF7B}.Release|x86.ActiveCfg = Release|Win32
		{D342ABF2-AC5F-4804-8844-D2402746BF7B}.Release|x86.Build.0 = Release|Win32
		{8D89C463-FC71-4BD5-9FE9-945C51C0D3E3}.Debug|x64.ActiveCfg = Debug|x64
		{8D89C463-FC71-4BD5-9FE9-945C51C0D3E3}.Debug|x64.Build.0 = Debug|x64
		{8D89C463-FC71-4BD5-9FE9-945C51C0D3E3}.Debug|x86.ActiveCfg = Debug|Win32
		{8D89C463-FC71-4BD5-9FE9-945C51C0D3E3}.Debug|x86.Build.0 = Debug|Win32
		{8D89C463-FC71-4BD5-9FE9-945C51C0D3E3}.Release|x64.ActiveCfg = Release|x64
		{8D89C463-FC71-4BD5-9FE9-945C51C0D3E3}.Release|x64.Build.0 = Release|x64
		{8D89C463-FC71-4BD5-9FE9-945C51C0D3E3}.Release|x86.ActiveCfg = Release|Win32
		{8D89C463-FC71-4BD5-9FE9-945C51C0D3E3}.Release|x86.Build.0 = Release|Win32
		{3F68A41F-BDEE-4BB5-A658-666D55BE068A}.Debug|x64.ActiveCfg = Debug|x64
		{3F68A41F-BDEE-4BB5-A658-666D55BE068A}.Debug|x64.Build.0 = Debug|x64
		{3F68A41F-BDEE-4BB5-A658-666D55BE068A}.Debug|x86.ActiveCfg = Debug|Win32
		{3F68A41F-BDEE-4BB5-A658-666D55BE068A}.Debug|x86.Build.0 = Debug|Win32
		{3F68A41F-BDEE-4BB5-A658-666D55BE068A}.Release|x64.ActiveCfg = Release|x64
		{3F68A41F-BDEE-4BB5-A658-666D55BE068A}.Release|x64.Build.0 = Release|x64
		{3F68A41F-BDEE-4BB5-A658-666D55BE068A}.Release|x86.ActiveCfg = Release|Win32
		{3F68A41F-BDEE-4BB5-A658-666D55BE068A}.Release|x86.Build.0 = Release|Win32
		{5F2A0797-A750-401D-9C41-43113D6D03F3}.Debug|x64.ActiveCfg = Debug|x64
		{5F2A0797-A750-401D-9C41-43113D6D03F3}.Debug|x64.Build.0 = Debug|x64
		{5F2A0797-A750-401D-9C41-43113D6D03F3}.Debug|x86.ActiveCfg = Debug|Win32
		{5F2A0797-A750-401D-9C41-43113D6D03F3}.Debug|x86.Build.0 = Debug|Win32
		{5F2A0797-A750-401D-9C41-43113D6D03F3}.Release|x64.ActiveCfg = Release|x64
		{5F2A0797-A750-401D-9C41-43113D6D03F3}.Release|x64.Build.0 = Release|x64
		{5F2A0797-A750-401D-9C41-43113D6D03F3}.Release|x86.ActiveCfg = Release|Win32
		{5F2A0797-A750-401D-9C41-43113D6D03F3}.Release|x86.Build.0 = Release|Win32
		{239D401A-7FB3-4D50-B8D3-8777EB8E52BB}.Debug|x64.ActiveCfg = Debug|x64
		{239D401A-7FB3-4D50-B8D3-8777EB8E52BB}.Debug|x64.Build.0 = Debug|x64
		{239D401A-7FB3-4D50-B8D3-8777EB8E52BB}.Debug|x86.ActiveCfg = Debug|Win32
		{239D401A-7FB3-4D50-B8D3-8777EB8E52BB}.Debug|x86.Build.0 = Debug|Win32
		{239D401A-7FB3-4D50-B8D3-8777EB8E52BB}.Release|x64.ActiveCfg = Release|x64
		{239D401A-7FB3-4D50-B8D3-8777EB8E52BB}.Release|x64.Build.0 = Release|x64
		{239D401A-7FB3-4D50-B8D3-8777EB8E52BB}.Release|x86.ActiveCfg = Release|Win32
		{239D401A-7FB3-4D50-B8D3-8777EB8E52BB}.Release|x86.Build.0 = Release|Win32
		{631DD799-B3DF-4290-8338-766838FA0EED}.Debug|x64.ActiveCfg = Debug|x64
		{631DD799-B3DF-4290-8338-766838FA0EED}.Debug|x64.Build.0 = Debug|x64
		{631DD799-B3DF-4290-8338-766838FA0EED}.Debug|x86.ActiveCfg = Debug|Win32
		{631DD799-B3DF-4290-8338-766838FA0EED}.Debug|x86.Build.0 = Debug|Win32
		{631DD799-B3DF-4290-8338-766838FA0EED}.Release|x64.ActiveCfg = Release|x64
		{631DD799-B3DF-4290-8338-766838FA0EED}.Release|x64.Build.0 = Release|x64
		{631DD799-B3DF-4290-8338-766838FA0EED}.Release|x86.ActiveCfg = Release|Win32
		{631DD799-B3DF-4290-8338-766838FA0EED}.Release|x86.Build.0 = Release|Win32
		{BD559C95-4F5D-4434-B852-3BAA64FAFA1A}.Debug|x64.ActiveCfg = Debug|x64
		{BD559C95-4F5D-4434-B852-3BAA64FAFA1A}.Debug|x64.Build.0 = Debug|x64
		{BD559C95-4F5D-4434-B852-3BAA64FAFA1A}.Debug|x86.ActiveCfg = Debug|Win32
		{BD559C95-4F5D-4434-B852-3BAA64FAFA1A}.Debug|x86.Build.0 = Debug|Win32
		{BD559C95-4F5D-4434-B852-3BAA64FAFA1A}.Release|x64.ActiveCfg = Release|x64
		{BD559C95-4F5D-4434-B852-3BAA64FAFA1A}.Release|x64.Build.0 = Release|x64
		{BD559C95-4F5D-4434-B852-3BAA64FAFA1A}.Release|x86.ActiveCfg = Release|Win32
		{BD559C95-4F5D-4434-B852-3BAA64FAFA1A}.Release|x86.Build.0 = Release|Win32
		{DC5B7118-0841-4D56-BDA2-85EF9D2981AD}.Debug|x64.ActiveCfg = Debug|x64
		{DC5B7118-0841-4D56-BDA2-85EF9D2981AD}.Debug|x64.Build.0 = Debug|x64
		{DC5B7118-0841-4D56-BDA2-85EF9D2981AD}.Debug|x86.ActiveCfg = Debug|Win32
		{DC5B7118-0841-4D56-BDA2-85EF9D2981AD}.Debug|x86.Build.0 = Debug|Win32
		{DC5B7118-0841-4D56-BDA2-85EF9D2981AD}.Release|x64.ActiveCfg = Release|x64
		{DC5B7118-0841-4D56-BDA2-85EF9D2981AD}.Release|x64.Build.0 = Release|x64
		{DC5B7118-0841-4D56-BDA2-85EF9D2981AD}.Release|x86.ActiveCfg = Release|Win32
		{DC5B7118-0841-4D56-BDA2-85EF9D2981AD}.Release|x86.Build.0 = Release|Win32
	EndGlobalSection
	GlobalSection(SolutionProperties) = preSolution
		HideSolutionNode = FALSE
	EndGlobalSection
	GlobalSection(ExtensibilityGlobals) = postSolution
		SolutionGuid = {C6467C09-2612-4C3E-A468-DD48F3D39F83}
	EndGlobalSection
EndGlobal
