
Microsoft Visual Studio Solution File, Format Version 12.00
# Visual Studio Version 17
VisualStudioVersion = 17.10.35013.160
MinimumVisualStudioVersion = 10.0.40219.1
Project("{8BC9CEB8-8B4A-11D0-8D11-00A0C91BC942}") = "Chapter1_1", "Chapter1_1\Chapter1_1.vcxproj", "{E368EB25-A0A7-4EF7-A0A6-6DB642C0860D}"
EndProject
Project("{8BC9CEB8-8B4A-11D0-8D11-00A0C91BC942}") = "Chapter1_3", "Chapter1_3\Chapter1_3.vcxproj", "{D8CBB65A-2B0B-42E3-96BA-DE4E865B14E9}"
EndProject
Project("{8BC9CEB8-8B4A-11D0-8D11-00A0C91BC942}") = "Chapter1_4", "Chapter1_4\Chapter1_4.vcxproj", "{D429E3F3-7016-49F5-8695-2B4FCC479F57}"
EndProject
Project("{8BC9CEB8-8B4A-11D0-8D11-00A0C91BC942}") = "Chapter1_5", "Chapter1_5\Chapter1_5.vcxproj", "{03887FBE-5C6C-48D1-84B9-C42074A0C9B7}"
EndProject
Project("{8BC9CEB8-8B4A-11D0-8D11-00A0C91BC942}") = "Chapter1_7", "Chapter1_7\Chapter1_7.vcxproj", "{BB86D38D-EEF7-40B1-BA15-0E5C0BC8C116}"
EndProject
Project("{8BC9CEB8-8B4A-11D0-8D11-00A0C91BC942}") = "Chapter1_8", "Chapter1_8\Chapter1_8.vcxproj", "{FC16BF91-FC2A-4459-A382-36844DBD423F}"
EndProject
Project("{8BC9CEB8-8B4A-11D0-8D11-00A0C91BC942}") = "Chapter1_9", "Chapter1_9\Chapter1_9.vcxproj", "{DB96CFC0-1025-4B2C-BF34-6568880FB715}"
EndProject
Project("{8BC9CEB8-8B4A-11D0-8D11-00A0C91BC942}") = "Chapter1_10", "Chapter1_10\Chapter1_10.vcxproj", "{1E26C5F5-F364-4F9E-A661-13D28FD0766E}"
EndProject
Global
	GlobalSection(SolutionConfigurationPlatforms) = preSolution
		Debug|x64 = Debug|x64
		Debug|x86 = Debug|x86
		Release|x64 = Release|x64
		Release|x86 = Release|x86
	EndGlobalSection
	GlobalSection(ProjectConfigurationPlatforms) = postSolution
		{E368EB25-A0A7-4EF7-A0A6-6DB642C0860D}.Debug|x64.ActiveCfg = Debug|x64
		{E368EB25-A0A7-4EF7-A0A6-6DB642C0860D}.Debug|x64.Build.0 = Debug|x64
		{E368EB25-A0A7-4EF7-A0A6-6DB642C0860D}.Debug|x86.ActiveCfg = Debug|Win32
		{E368EB25-A0A7-4EF7-A0A6-6DB642C0860D}.Debug|x86.Build.0 = Debug|Win32
		{E368EB25-A0A7-4EF7-A0A6-6DB642C0860D}.Release|x64.ActiveCfg = Release|x64
		{E368EB25-A0A7-4EF7-A0A6-6DB642C0860D}.Release|x64.Build.0 = Release|x64
		{E368EB25-A0A7-4EF7-A0A6-6DB642C0860D}.Release|x86.ActiveCfg = Release|Win32
		{E368EB25-A0A7-4EF7-A0A6-6DB642C0860D}.Release|x86.Build.0 = Release|Win32
		{D8CBB65A-2B0B-42E3-96BA-DE4E865B14E9}.Debug|x64.ActiveCfg = Debug|x64
		{D8CBB65A-2B0B-42E3-96BA-DE4E865B14E9}.Debug|x64.Build.0 = Debug|x64
		{D8CBB65A-2B0B-42E3-96BA-DE4E865B14E9}.Debug|x86.ActiveCfg = Debug|Win32
		{D8CBB65A-2B0B-42E3-96BA-DE4E865B14E9}.Debug|x86.Build.0 = Debug|Win32
		{D8CBB65A-2B0B-42E3-96BA-DE4E865B14E9}.Release|x64.ActiveCfg = Release|x64
		{D8CBB65A-2B0B-42E3-96BA-DE4E865B14E9}.Release|x64.Build.0 = Release|x64
		{D8CBB65A-2B0B-42E3-96BA-DE4E865B14E9}.Release|x86.ActiveCfg = Release|Win32
		{D8CBB65A-2B0B-42E3-96BA-DE4E865B14E9}.Release|x86.Build.0 = Release|Win32
		{D429E3F3-7016-49F5-8695-2B4FCC479F57}.Debug|x64.ActiveCfg = Debug|x64
		{D429E3F3-7016-49F5-8695-2B4FCC479F57}.Debug|x64.Build.0 = Debug|x64
		{D429E3F3-7016-49F5-8695-2B4FCC479F57}.Debug|x86.ActiveCfg = Debug|Win32
		{D429E3F3-7016-49F5-8695-2B4FCC479F57}.Debug|x86.Build.0 = Debug|Win32
		{D429E3F3-7016-49F5-8695-2B4FCC479F57}.Release|x64.ActiveCfg = Release|x64
		{D429E3F3-7016-49F5-8695-2B4FCC479F57}.Release|x64.Build.0 = Release|x64
		{D429E3F3-7016-49F5-8695-2B4FCC479F57}.Release|x86.ActiveCfg = Release|Win32
		{D429E3F3-7016-49F5-8695-2B4FCC479F57}.Release|x86.Build.0 = Release|Win32
		{03887FBE-5C6C-48D1-84B9-C42074A0C9B7}.Debug|x64.ActiveCfg = Debug|x64
		{03887FBE-5C6C-48D1-84B9-C42074A0C9B7}.Debug|x64.Build.0 = Debug|x64
		{03887FBE-5C6C-48D1-84B9-C42074A0C9B7}.Debug|x86.ActiveCfg = Debug|Win32
		{03887FBE-5C6C-48D1-84B9-C42074A0C9B7}.Debug|x86.Build.0 = Debug|Win32
		{03887FBE-5C6C-48D1-84B9-C42074A0C9B7}.Release|x64.ActiveCfg = Release|x64
		{03887FBE-5C6C-48D1-84B9-C42074A0C9B7}.Release|x64.Build.0 = Release|x64
		{03887FBE-5C6C-48D1-84B9-C42074A0C9B7}.Release|x86.ActiveCfg = Release|Win32
		{03887FBE-5C6C-48D1-84B9-C42074A0C9B7}.Release|x86.Build.0 = Release|Win32
		{BB86D38D-EEF7-40B1-BA15-0E5C0BC8C116}.Debug|x64.ActiveCfg = Debug|x64
		{BB86D38D-EEF7-40B1-BA15-0E5C0BC8C116}.Debug|x64.Build.0 = Debug|x64
		{BB86D38D-EEF7-40B1-BA15-0E5C0BC8C116}.Debug|x86.ActiveCfg = Debug|Win32
		{BB86D38D-EEF7-40B1-BA15-0E5C0BC8C116}.Debug|x86.Build.0 = Debug|Win32
		{BB86D38D-EEF7-40B1-BA15-0E5C0BC8C116}.Release|x64.ActiveCfg = Release|x64
		{BB86D38D-EEF7-40B1-BA15-0E5C0BC8C116}.Release|x64.Build.0 = Release|x64
		{BB86D38D-EEF7-40B1-BA15-0E5C0BC8C116}.Release|x86.ActiveCfg = Release|Win32
		{BB86D38D-EEF7-40B1-BA15-0E5C0BC8C116}.Release|x86.Build.0 = Release|Win32
		{FC16BF91-FC2A-4459-A382-36844DBD423F}.Debug|x64.ActiveCfg = Debug|x64
		{FC16BF91-FC2A-4459-A382-36844DBD423F}.Debug|x64.Build.0 = Debug|x64
		{FC16BF91-FC2A-4459-A382-36844DBD423F}.Debug|x86.ActiveCfg = Debug|Win32
		{FC16BF91-FC2A-4459-A382-36844DBD423F}.Debug|x86.Build.0 = Debug|Win32
		{FC16BF91-FC2A-4459-A382-36844DBD423F}.Release|x64.ActiveCfg = Release|x64
		{FC16BF91-FC2A-4459-A382-36844DBD423F}.Release|x64.Build.0 = Release|x64
		{FC16BF91-FC2A-4459-A382-36844DBD423F}.Release|x86.ActiveCfg = Release|Win32
		{FC16BF91-FC2A-4459-A382-36844DBD423F}.Release|x86.Build.0 = Release|Win32
		{DB96CFC0-1025-4B2C-BF34-6568880FB715}.Debug|x64.ActiveCfg = Debug|x64
		{DB96CFC0-1025-4B2C-BF34-6568880FB715}.Debug|x64.Build.0 = Debug|x64
		{DB96CFC0-1025-4B2C-BF34-6568880FB715}.Debug|x86.ActiveCfg = Debug|Win32
		{DB96CFC0-1025-4B2C-BF34-6568880FB715}.Debug|x86.Build.0 = Debug|Win32
		{DB96CFC0-1025-4B2C-BF34-6568880FB715}.Release|x64.ActiveCfg = Release|x64
		{DB96CFC0-1025-4B2C-BF34-6568880FB715}.Release|x64.Build.0 = Release|x64
		{DB96CFC0-1025-4B2C-BF34-6568880FB715}.Release|x86.ActiveCfg = Release|Win32
		{DB96CFC0-1025-4B2C-BF34-6568880FB715}.Release|x86.Build.0 = Release|Win32
		{1E26C5F5-F364-4F9E-A661-13D28FD0766E}.Debug|x64.ActiveCfg = Debug|x64
		{1E26C5F5-F364-4F9E-A661-13D28FD0766E}.Debug|x64.Build.0 = Debug|x64
		{1E26C5F5-F364-4F9E-A661-13D28FD0766E}.Debug|x86.ActiveCfg = Debug|Win32
		{1E26C5F5-F364-4F9E-A661-13D28FD0766E}.Debug|x86.Build.0 = Debug|Win32
		{1E26C5F5-F364-4F9E-A661-13D28FD0766E}.Release|x64.ActiveCfg = Release|x64
		{1E26C5F5-F364-4F9E-A661-13D28FD0766E}.Release|x64.Build.0 = Release|x64
		{1E26C5F5-F364-4F9E-A661-13D28FD0766E}.Release|x86.ActiveCfg = Release|Win32
		{1E26C5F5-F364-4F9E-A661-13D28FD0766E}.Release|x86.Build.0 = Release|Win32
	EndGlobalSection
	GlobalSection(SolutionProperties) = preSolution
		HideSolutionNode = FALSE
	EndGlobalSection
	GlobalSection(ExtensibilityGlobals) = postSolution
		SolutionGuid = {C6467C09-2612-4C3E-A468-DD48F3D39F83}
	EndGlobalSection
EndGlobal
